// !$*UTF8*$!
{
	archiveVersion = 1;
	classes = {
	};
	objectVersion = 46;
	objects = {

/* Begin PBXBuildFile section */
		4C51569C19DAEC7A0076B6D3 /* CMBluetoothLogic.m in Sources */ = {isa = PBXBuildFile; fileRef = 4C51569B19DAEC7A0076B6D3 /* CMBluetoothLogic.m */; };
		4C51569E19DAF14F0076B6D3 /* CoreBluetooth.framework in Frameworks */ = {isa = PBXBuildFile; fileRef = 4C51569D19DAF14F0076B6D3 /* CoreBluetooth.framework */; };
		4C5156A019DAF1580076B6D3 /* QuartzCore.framework in Frameworks */ = {isa = PBXBuildFile; fileRef = 4C51569F19DAF1580076B6D3 /* QuartzCore.framework */; };
		4C55742419D6CCC300B2B307 /* main.m in Sources */ = {isa = PBXBuildFile; fileRef = 4C55742319D6CCC300B2B307 /* main.m */; };
		4C55742719D6CCC300B2B307 /* AppDelegate.m in Sources */ = {isa = PBXBuildFile; fileRef = 4C55742619D6CCC300B2B307 /* AppDelegate.m */; };
		4C55742A19D6CCC300B2B307 /* ViewController.m in Sources */ = {isa = PBXBuildFile; fileRef = 4C55742919D6CCC300B2B307 /* ViewController.m */; };
		4C55742D19D6CCC300B2B307 /* Main.storyboard in Resources */ = {isa = PBXBuildFile; fileRef = 4C55742B19D6CCC300B2B307 /* Main.storyboard */; };
		4C55742F19D6CCC300B2B307 /* Images.xcassets in Resources */ = {isa = PBXBuildFile; fileRef = 4C55742E19D6CCC300B2B307 /* Images.xcassets */; };
		4C55743219D6CCC300B2B307 /* LaunchScreen.xib in Resources */ = {isa = PBXBuildFile; fileRef = 4C55743019D6CCC300B2B307 /* LaunchScreen.xib */; };
		4C55743E19D6CCC300B2B307 /* CMPulseWaveTests.m in Sources */ = {isa = PBXBuildFile; fileRef = 4C55743D19D6CCC300B2B307 /* CMPulseWaveTests.m */; };
		4C55745119D6CD5B00B2B307 /* libCorePlot-CocoaTouch.a in Frameworks */ = {isa = PBXBuildFile; fileRef = 4C55744E19D6CD4B00B2B307 /* libCorePlot-CocoaTouch.a */; };
		4C55745319D6CDE100B2B307 /* Accelerate.framework in Frameworks */ = {isa = PBXBuildFile; fileRef = 4C55745219D6CDE100B2B307 /* Accelerate.framework */; };
		4C6E32C019E3F117006BD032 /* ScrollViewController.m in Sources */ = {isa = PBXBuildFile; fileRef = 4C6E32BF19E3F117006BD032 /* ScrollViewController.m */; };
		4C6E32C719E569AB006BD032 /* BezierVC.m in Sources */ = {isa = PBXBuildFile; fileRef = 4C6E32C619E569AB006BD032 /* BezierVC.m */; };
		4CD1307219D82839003445EA /* ChartViewController.m in Sources */ = {isa = PBXBuildFile; fileRef = 4CD1307119D82839003445EA /* ChartViewController.m */; };
		4CD1308519D85005003445EA /* ViewChanges.m in Sources */ = {isa = PBXBuildFile; fileRef = 4CD1308419D85005003445EA /* ViewChanges.m */; };
/* End PBXBuildFile section */

/* Begin PBXContainerItemProxy section */
		4C55743819D6CCC300B2B307 /* PBXContainerItemProxy */ = {
			isa = PBXContainerItemProxy;
			containerPortal = 4C55741619D6CCC300B2B307 /* Project object */;
			proxyType = 1;
			remoteGlobalIDString = 4C55741D19D6CCC300B2B307;
			remoteInfo = CMPulseWave;
		};
		4C55744D19D6CD4B00B2B307 /* PBXContainerItemProxy */ = {
			isa = PBXContainerItemProxy;
			containerPortal = 4C55744719D6CD4A00B2B307 /* CorePlot-CocoaTouch.xcodeproj */;
			proxyType = 2;
			remoteGlobalIDString = BC9B83470FB8A0A40035D8DA;
			remoteInfo = "CorePlot-CocoaTouch";
		};
		4C55744F19D6CD5100B2B307 /* PBXContainerItemProxy */ = {
			isa = PBXContainerItemProxy;
			containerPortal = 4C55744719D6CD4A00B2B307 /* CorePlot-CocoaTouch.xcodeproj */;
			proxyType = 1;
			remoteGlobalIDString = BC9B83460FB8A0A40035D8DA;
			remoteInfo = "CorePlot-CocoaTouch";
		};
/* End PBXContainerItemProxy section */

/* Begin PBXFileReference section */
		4C51569A19DAEC7A0076B6D3 /* CMBluetoothLogic.h */ = {isa = PBXFileReference; fileEncoding = 4; lastKnownFileType = sourcecode.c.h; path = CMBluetoothLogic.h; sourceTree = "<group>"; };
		4C51569B19DAEC7A0076B6D3 /* CMBluetoothLogic.m */ = {isa = PBXFileReference; fileEncoding = 4; lastKnownFileType = sourcecode.c.objc; path = CMBluetoothLogic.m; sourceTree = "<group>"; };
		4C51569D19DAF14F0076B6D3 /* CoreBluetooth.framework */ = {isa = PBXFileReference; lastKnownFileType = wrapper.framework; name = CoreBluetooth.framework; path = System/Library/Frameworks/CoreBluetooth.framework; sourceTree = SDKROOT; };
		4C51569F19DAF1580076B6D3 /* QuartzCore.framework */ = {isa = PBXFileReference; lastKnownFileType = wrapper.framework; name = QuartzCore.framework; path = System/Library/Frameworks/QuartzCore.framework; sourceTree = SDKROOT; };
		4C55741E19D6CCC300B2B307 /* CMPulseWave.app */ = {isa = PBXFileReference; explicitFileType = wrapper.application; includeInIndex = 0; path = CMPulseWave.app; sourceTree = BUILT_PRODUCTS_DIR; };
		4C55742219D6CCC300B2B307 /* Info.plist */ = {isa = PBXFileReference; lastKnownFileType = text.plist.xml; path = Info.plist; sourceTree = "<group>"; };
		4C55742319D6CCC300B2B307 /* main.m */ = {isa = PBXFileReference; lastKnownFileType = sourcecode.c.objc; path = main.m; sourceTree = "<group>"; };
		4C55742519D6CCC300B2B307 /* AppDelegate.h */ = {isa = PBXFileReference; lastKnownFileType = sourcecode.c.h; path = AppDelegate.h; sourceTree = "<group>"; };
		4C55742619D6CCC300B2B307 /* AppDelegate.m */ = {isa = PBXFileReference; lastKnownFileType = sourcecode.c.objc; path = AppDelegate.m; sourceTree = "<group>"; };
		4C55742819D6CCC300B2B307 /* ViewController.h */ = {isa = PBXFileReference; lastKnownFileType = sourcecode.c.h; path = ViewController.h; sourceTree = "<group>"; };
		4C55742919D6CCC300B2B307 /* ViewController.m */ = {isa = PBXFileReference; lastKnownFileType = sourcecode.c.objc; path = ViewController.m; sourceTree = "<group>"; };
		4C55742C19D6CCC300B2B307 /* Base */ = {isa = PBXFileReference; lastKnownFileType = file.storyboard; name = Base; path = Base.lproj/Main.storyboard; sourceTree = "<group>"; };
		4C55742E19D6CCC300B2B307 /* Images.xcassets */ = {isa = PBXFileReference; lastKnownFileType = folder.assetcatalog; path = Images.xcassets; sourceTree = "<group>"; };
		4C55743119D6CCC300B2B307 /* Base */ = {isa = PBXFileReference; lastKnownFileType = file.xib; name = Base; path = Base.lproj/LaunchScreen.xib; sourceTree = "<group>"; };
		4C55743719D6CCC300B2B307 /* CMPulseWaveTests.xctest */ = {isa = PBXFileReference; explicitFileType = wrapper.cfbundle; includeInIndex = 0; path = CMPulseWaveTests.xctest; sourceTree = BUILT_PRODUCTS_DIR; };
		4C55743C19D6CCC300B2B307 /* Info.plist */ = {isa = PBXFileReference; lastKnownFileType = text.plist.xml; path = Info.plist; sourceTree = "<group>"; };
		4C55743D19D6CCC300B2B307 /* CMPulseWaveTests.m */ = {isa = PBXFileReference; lastKnownFileType = sourcecode.c.objc; path = CMPulseWaveTests.m; sourceTree = "<group>"; };
		4C55744719D6CD4A00B2B307 /* CorePlot-CocoaTouch.xcodeproj */ = {isa = PBXFileReference; lastKnownFileType = "wrapper.pb-project"; name = "CorePlot-CocoaTouch.xcodeproj"; path = "core-plot/framework/CorePlot-CocoaTouch.xcodeproj"; sourceTree = SOURCE_ROOT; };
		4C55745219D6CDE100B2B307 /* Accelerate.framework */ = {isa = PBXFileReference; lastKnownFileType = wrapper.framework; name = Accelerate.framework; path = System/Library/Frameworks/Accelerate.framework; sourceTree = SDKROOT; };
		4C6E32BE19E3F117006BD032 /* ScrollViewController.h */ = {isa = PBXFileReference; fileEncoding = 4; lastKnownFileType = sourcecode.c.h; name = ScrollViewController.h; path = ../ScrollViewController.h; sourceTree = "<group>"; };
		4C6E32BF19E3F117006BD032 /* ScrollViewController.m */ = {isa = PBXFileReference; fileEncoding = 4; lastKnownFileType = sourcecode.c.objc; name = ScrollViewController.m; path = ../ScrollViewController.m; sourceTree = "<group>"; };
		4C6E32C519E569AB006BD032 /* BezierVC.h */ = {isa = PBXFileReference; fileEncoding = 4; lastKnownFileType = sourcecode.c.h; name = BezierVC.h; path = ../BezierVC.h; sourceTree = "<group>"; };
		4C6E32C619E569AB006BD032 /* BezierVC.m */ = {isa = PBXFileReference; fileEncoding = 4; lastKnownFileType = sourcecode.c.objc; name = BezierVC.m; path = ../BezierVC.m; sourceTree = "<group>"; };
		4CD1307119D82839003445EA /* ChartViewController.m */ = {isa = PBXFileReference; fileEncoding = 4; lastKnownFileType = sourcecode.c.objc; path = ChartViewController.m; sourceTree = "<group>"; };
		4CD1307519D82854003445EA /* ChartViewController.h */ = {isa = PBXFileReference; lastKnownFileType = sourcecode.c.h; path = ChartViewController.h; sourceTree = "<group>"; };
		4CD1308319D85005003445EA /* ViewChanges.h */ = {isa = PBXFileReference; fileEncoding = 4; lastKnownFileType = sourcecode.c.h; path = ViewChanges.h; sourceTree = "<group>"; };
		4CD1308419D85005003445EA /* ViewChanges.m */ = {isa = PBXFileReference; fileEncoding = 4; lastKnownFileType = sourcecode.c.objc; path = ViewChanges.m; sourceTree = "<group>"; };
/* End PBXFileReference section */

/* Begin PBXFrameworksBuildPhase section */
		4C55741B19D6CCC300B2B307 /* Frameworks */ = {
			isa = PBXFrameworksBuildPhase;
			buildActionMask = 2147483647;
			files = (
				4C5156A019DAF1580076B6D3 /* QuartzCore.framework in Frameworks */,
				4C51569E19DAF14F0076B6D3 /* CoreBluetooth.framework in Frameworks */,
				4C55745319D6CDE100B2B307 /* Accelerate.framework in Frameworks */,
				4C55745119D6CD5B00B2B307 /* libCorePlot-CocoaTouch.a in Frameworks */,
			);
			runOnlyForDeploymentPostprocessing = 0;
		};
		4C55743419D6CCC300B2B307 /* Frameworks */ = {
			isa = PBXFrameworksBuildPhase;
			buildActionMask = 2147483647;
			files = (
			);
			runOnlyForDeploymentPostprocessing = 0;
		};
/* End PBXFrameworksBuildPhase section */

/* Begin PBXGroup section */
		4C55741519D6CCC300B2B307 = {
			isa = PBXGroup;
			children = (
				4C51569F19DAF1580076B6D3 /* QuartzCore.framework */,
				4C51569D19DAF14F0076B6D3 /* CoreBluetooth.framework */,
				4C55745219D6CDE100B2B307 /* Accelerate.framework */,
				4C55742019D6CCC300B2B307 /* CMPulseWave */,
				4C55743A19D6CCC300B2B307 /* CMPulseWaveTests */,
				4C55741F19D6CCC300B2B307 /* Products */,
			);
			sourceTree = "<group>";
		};
		4C55741F19D6CCC300B2B307 /* Products */ = {
			isa = PBXGroup;
			children = (
				4C55741E19D6CCC300B2B307 /* CMPulseWave.app */,
				4C55743719D6CCC300B2B307 /* CMPulseWaveTests.xctest */,
			);
			name = Products;
			sourceTree = "<group>";
		};
		4C55742019D6CCC300B2B307 /* CMPulseWave */ = {
			isa = PBXGroup;
			children = (
				4C55742519D6CCC300B2B307 /* AppDelegate.h */,
				4C55742619D6CCC300B2B307 /* AppDelegate.m */,
				4C6E32C519E569AB006BD032 /* BezierVC.h */,
				4C6E32C619E569AB006BD032 /* BezierVC.m */,
				4C6E32BE19E3F117006BD032 /* ScrollViewController.h */,
				4C6E32BF19E3F117006BD032 /* ScrollViewController.m */,
				4C55742819D6CCC300B2B307 /* ViewController.h */,
				4C55742919D6CCC300B2B307 /* ViewController.m */,
				4CD1307119D82839003445EA /* ChartViewController.m */,
				4CD1307519D82854003445EA /* ChartViewController.h */,
				4CD1308319D85005003445EA /* ViewChanges.h */,
				4CD1308419D85005003445EA /* ViewChanges.m */,
				4C51569A19DAEC7A0076B6D3 /* CMBluetoothLogic.h */,
				4C51569B19DAEC7A0076B6D3 /* CMBluetoothLogic.m */,
				4C55742B19D6CCC300B2B307 /* Main.storyboard */,
				4C55742E19D6CCC300B2B307 /* Images.xcassets */,
				4C55743019D6CCC300B2B307 /* LaunchScreen.xib */,
				4C55744719D6CD4A00B2B307 /* CorePlot-CocoaTouch.xcodeproj */,
				4C55742119D6CCC300B2B307 /* Supporting Files */,
			);
			path = CMPulseWave;
			sourceTree = "<group>";
		};
		4C55742119D6CCC300B2B307 /* Supporting Files */ = {
			isa = PBXGroup;
			children = (
				4C55742219D6CCC300B2B307 /* Info.plist */,
				4C55742319D6CCC300B2B307 /* main.m */,
			);
			name = "Supporting Files";
			sourceTree = "<group>";
		};
		4C55743A19D6CCC300B2B307 /* CMPulseWaveTests */ = {
			isa = PBXGroup;
			children = (
				4C55743D19D6CCC300B2B307 /* CMPulseWaveTests.m */,
				4C55743B19D6CCC300B2B307 /* Supporting Files */,
			);
			path = CMPulseWaveTests;
			sourceTree = "<group>";
		};
		4C55743B19D6CCC300B2B307 /* Supporting Files */ = {
			isa = PBXGroup;
			children = (
				4C55743C19D6CCC300B2B307 /* Info.plist */,
			);
			name = "Supporting Files";
			sourceTree = "<group>";
		};
		4C55744819D6CD4A00B2B307 /* Products */ = {
			isa = PBXGroup;
			children = (
				4C55744E19D6CD4B00B2B307 /* libCorePlot-CocoaTouch.a */,
			);
			name = Products;
			sourceTree = "<group>";
		};
/* End PBXGroup section */

/* Begin PBXNativeTarget section */
		4C55741D19D6CCC300B2B307 /* CMPulseWave */ = {
			isa = PBXNativeTarget;
			buildConfigurationList = 4C55744119D6CCC300B2B307 /* Build configuration list for PBXNativeTarget "CMPulseWave" */;
			buildPhases = (
				4C55741A19D6CCC300B2B307 /* Sources */,
				4C55741B19D6CCC300B2B307 /* Frameworks */,
				4C55741C19D6CCC300B2B307 /* Resources */,
			);
			buildRules = (
			);
			dependencies = (
				4C55745019D6CD5100B2B307 /* PBXTargetDependency */,
			);
			name = CMPulseWave;
			productName = CMPulseWave;
			productReference = 4C55741E19D6CCC300B2B307 /* CMPulseWave.app */;
			productType = "com.apple.product-type.application";
		};
		4C55743619D6CCC300B2B307 /* CMPulseWaveTests */ = {
			isa = PBXNativeTarget;
			buildConfigurationList = 4C55744419D6CCC300B2B307 /* Build configuration list for PBXNativeTarget "CMPulseWaveTests" */;
			buildPhases = (
				4C55743319D6CCC300B2B307 /* Sources */,
				4C55743419D6CCC300B2B307 /* Frameworks */,
				4C55743519D6CCC300B2B307 /* Resources */,
			);
			buildRules = (
			);
			dependencies = (
				4C55743919D6CCC300B2B307 /* PBXTargetDependency */,
			);
			name = CMPulseWaveTests;
			productName = CMPulseWaveTests;
			productReference = 4C55743719D6CCC300B2B307 /* CMPulseWaveTests.xctest */;
			productType = "com.apple.product-type.bundle.unit-test";
		};
/* End PBXNativeTarget section */

/* Begin PBXProject section */
		4C55741619D6CCC300B2B307 /* Project object */ = {
			isa = PBXProject;
			attributes = {
				LastUpgradeCheck = 0600;
				ORGANIZATIONNAME = "Анастасия";
				TargetAttributes = {
					4C55741D19D6CCC300B2B307 = {
						CreatedOnToolsVersion = 6.0.1;
					};
					4C55743619D6CCC300B2B307 = {
						CreatedOnToolsVersion = 6.0.1;
						TestTargetID = 4C55741D19D6CCC300B2B307;
					};
				};
			};
			buildConfigurationList = 4C55741919D6CCC300B2B307 /* Build configuration list for PBXProject "CMPulseWave" */;
			compatibilityVersion = "Xcode 3.2";
			developmentRegion = English;
			hasScannedForEncodings = 0;
			knownRegions = (
				en,
				Base,
			);
			mainGroup = 4C55741519D6CCC300B2B307;
			productRefGroup = 4C55741F19D6CCC300B2B307 /* Products */;
			projectDirPath = "";
			projectReferences = (
				{
					ProductGroup = 4C55744819D6CD4A00B2B307 /* Products */;
					ProjectRef = 4C55744719D6CD4A00B2B307 /* CorePlot-CocoaTouch.xcodeproj */;
				},
			);
			projectRoot = "";
			targets = (
				4C55741D19D6CCC300B2B307 /* CMPulseWave */,
				4C55743619D6CCC300B2B307 /* CMPulseWaveTests */,
			);
		};
/* End PBXProject section */

/* Begin PBXReferenceProxy section */
		4C55744E19D6CD4B00B2B307 /* libCorePlot-CocoaTouch.a */ = {
			isa = PBXReferenceProxy;
			fileType = archive.ar;
			path = "libCorePlot-CocoaTouch.a";
			remoteRef = 4C55744D19D6CD4B00B2B307 /* PBXContainerItemProxy */;
			sourceTree = BUILT_PRODUCTS_DIR;
		};
/* End PBXReferenceProxy section */

/* Begin PBXResourcesBuildPhase section */
		4C55741C19D6CCC300B2B307 /* Resources */ = {
			isa = PBXResourcesBuildPhase;
			buildActionMask = 2147483647;
			files = (
				4C55742D19D6CCC300B2B307 /* Main.storyboard in Resources */,
				4C55743219D6CCC300B2B307 /* LaunchScreen.xib in Resources */,
				4C55742F19D6CCC300B2B307 /* Images.xcassets in Resources */,
			);
			runOnlyForDeploymentPostprocessing = 0;
		};
		4C55743519D6CCC300B2B307 /* Resources */ = {
			isa = PBXResourcesBuildPhase;
			buildActionMask = 2147483647;
			files = (
			);
			runOnlyForDeploymentPostprocessing = 0;
		};
/* End PBXResourcesBuildPhase section */

/* Begin PBXSourcesBuildPhase section */
		4C55741A19D6CCC300B2B307 /* Sources */ = {
			isa = PBXSourcesBuildPhase;
			buildActionMask = 2147483647;
			files = (
				4C6E32C019E3F117006BD032 /* ScrollViewController.m in Sources */,
				4C55742A19D6CCC300B2B307 /* ViewController.m in Sources */,
				4C51569C19DAEC7A0076B6D3 /* CMBluetoothLogic.m in Sources */,
				4CD1307219D82839003445EA /* ChartViewController.m in Sources */,
				4CD1308519D85005003445EA /* ViewChanges.m in Sources */,
				4C55742719D6CCC300B2B307 /* AppDelegate.m in Sources */,
				4C55742419D6CCC300B2B307 /* main.m in Sources */,
				4C6E32C719E569AB006BD032 /* BezierVC.m in Sources */,
			);
			runOnlyForDeploymentPostprocessing = 0;
		};
		4C55743319D6CCC300B2B307 /* Sources */ = {
			isa = PBXSourcesBuildPhase;
			buildActionMask = 2147483647;
			files = (
				4C55743E19D6CCC300B2B307 /* CMPulseWaveTests.m in Sources */,
			);
			runOnlyForDeploymentPostprocessing = 0;
		};
/* End PBXSourcesBuildPhase section */

/* Begin PBXTargetDependency section */
		4C55743919D6CCC300B2B307 /* PBXTargetDependency */ = {
			isa = PBXTargetDependency;
			target = 4C55741D19D6CCC300B2B307 /* CMPulseWave */;
			targetProxy = 4C55743819D6CCC300B2B307 /* PBXContainerItemProxy */;
		};
		4C55745019D6CD5100B2B307 /* PBXTargetDependency */ = {
			isa = PBXTargetDependency;
			name = "CorePlot-CocoaTouch";
			targetProxy = 4C55744F19D6CD5100B2B307 /* PBXContainerItemProxy */;
		};
/* End PBXTargetDependency section */

/* Begin PBXVariantGroup section */
		4C55742B19D6CCC300B2B307 /* Main.storyboard */ = {
			isa = PBXVariantGroup;
			children = (
				4C55742C19D6CCC300B2B307 /* Base */,
			);
			name = Main.storyboard;
			sourceTree = "<group>";
		};
		4C55743019D6CCC300B2B307 /* LaunchScreen.xib */ = {
			isa = PBXVariantGroup;
			children = (
				4C55743119D6CCC300B2B307 /* Base */,
			);
			name = LaunchScreen.xib;
			sourceTree = "<group>";
		};
/* End PBXVariantGroup section */

/* Begin XCBuildConfiguration section */
		4C55743F19D6CCC300B2B307 /* Debug */ = {
			isa = XCBuildConfiguration;
			buildSettings = {
				ALWAYS_SEARCH_USER_PATHS = NO;
				CLANG_CXX_LANGUAGE_STANDARD = "gnu++0x";
				CLANG_CXX_LIBRARY = "libc++";
				CLANG_ENABLE_MODULES = YES;
				CLANG_ENABLE_OBJC_ARC = YES;
				CLANG_WARN_BOOL_CONVERSION = YES;
				CLANG_WARN_CONSTANT_CONVERSION = YES;
				CLANG_WARN_DIRECT_OBJC_ISA_USAGE = YES_ERROR;
				CLANG_WARN_EMPTY_BODY = YES;
				CLANG_WARN_ENUM_CONVERSION = YES;
				CLANG_WARN_INT_CONVERSION = YES;
				CLANG_WARN_OBJC_ROOT_CLASS = YES_ERROR;
				CLANG_WARN_UNREACHABLE_CODE = YES;
				CLANG_WARN__DUPLICATE_METHOD_MATCH = YES;
				"CODE_SIGN_IDENTITY[sdk=iphoneos*]" = "iPhone Developer";
				COPY_PHASE_STRIP = NO;
				ENABLE_STRICT_OBJC_MSGSEND = YES;
				GCC_C_LANGUAGE_STANDARD = gnu99;
				GCC_DYNAMIC_NO_PIC = NO;
				GCC_OPTIMIZATION_LEVEL = 0;
				GCC_PREPROCESSOR_DEFINITIONS = (
					"DEBUG=1",
					"$(inherited)",
				);
				GCC_SYMBOLS_PRIVATE_EXTERN = NO;
				GCC_WARN_64_TO_32_BIT_CONVERSION = YES;
				GCC_WARN_ABOUT_RETURN_TYPE = YES_ERROR;
				GCC_WARN_UNDECLARED_SELECTOR = YES;
				GCC_WARN_UNINITIALIZED_AUTOS = YES_AGGRESSIVE;
				GCC_WARN_UNUSED_FUNCTION = YES;
				GCC_WARN_UNUSED_VARIABLE = YES;
				IPHONEOS_DEPLOYMENT_TARGET = 8.0;
				MTL_ENABLE_DEBUG_INFO = YES;
				ONLY_ACTIVE_ARCH = YES;
				SDKROOT = iphoneos;
				TARGETED_DEVICE_FAMILY = "1,2";
			};
			name = Debug;
		};
		4C55744019D6CCC300B2B307 /* Release */ = {
			isa = XCBuildConfiguration;
			buildSettings = {
				ALWAYS_SEARCH_USER_PATHS = NO;
				CLANG_CXX_LANGUAGE_STANDARD = "gnu++0x";
				CLANG_CXX_LIBRARY = "libc++";
				CLANG_ENABLE_MODULES = YES;
				CLANG_ENABLE_OBJC_ARC = YES;
				CLANG_WARN_BOOL_CONVERSION = YES;
				CLANG_WARN_CONSTANT_CONVERSION = YES;
				CLANG_WARN_DIRECT_OBJC_ISA_USAGE = YES_ERROR;
				CLANG_WARN_EMPTY_BODY = YES;
				CLANG_WARN_ENUM_CONVERSION = YES;
				CLANG_WARN_INT_CONVERSION = YES;
				CLANG_WARN_OBJC_ROOT_CLASS = YES_ERROR;
				CLANG_WARN_UNREACHABLE_CODE = YES;
				CLANG_WARN__DUPLICATE_METHOD_MATCH = YES;
				"CODE_SIGN_IDENTITY[sdk=iphoneos*]" = "iPhone Developer";
				COPY_PHASE_STRIP = YES;
				ENABLE_NS_ASSERTIONS = NO;
				ENABLE_STRICT_OBJC_MSGSEND = YES;
				GCC_C_LANGUAGE_STANDARD = gnu99;
				GCC_WARN_64_TO_32_BIT_CONVERSION = YES;
				GCC_WARN_ABOUT_RETURN_TYPE = YES_ERROR;
				GCC_WARN_UNDECLARED_SELECTOR = YES;
				GCC_WARN_UNINITIALIZED_AUTOS = YES_AGGRESSIVE;
				GCC_WARN_UNUSED_FUNCTION = YES;
				GCC_WARN_UNUSED_VARIABLE = YES;
				IPHONEOS_DEPLOYMENT_TARGET = 8.0;
				MTL_ENABLE_DEBUG_INFO = NO;
				SDKROOT = iphoneos;
				TARGETED_DEVICE_FAMILY = "1,2";
				VALIDATE_PRODUCT = YES;
			};
			name = Release;
		};
		4C55744219D6CCC300B2B307 /* Debug */ = {
			isa = XCBuildConfiguration;
			buildSettings = {
				ASSETCATALOG_COMPILER_APPICON_NAME = AppIcon;
				HEADER_SEARCH_PATHS = (
					"$(inherited)",
					/Applications/Xcode.app/Contents/Developer/Toolchains/XcodeDefault.xctoolchain/usr/include,
					"./core-plot/**",
				);
				INFOPLIST_FILE = CMPulseWave/Info.plist;
				LD_RUNPATH_SEARCH_PATHS = "$(inherited) @executable_path/Frameworks";
				OTHER_LDFLAGS = (
					"-ObjC",
					"-all_load",
				);
				PRODUCT_NAME = "$(TARGET_NAME)";
			};
			name = Debug;
		};
		4C55744319D6CCC300B2B307 /* Release */ = {
			isa = XCBuildConfiguration;
			buildSettings = {
				ASSETCATALOG_COMPILER_APPICON_NAME = AppIcon;
				HEADER_SEARCH_PATHS = (
					"$(inherited)",
					/Applications/Xcode.app/Contents/Developer/Toolchains/XcodeDefault.xctoolchain/usr/include,
					"./core-plot/**",
				);
				INFOPLIST_FILE = CMPulseWave/Info.plist;
				LD_RUNPATH_SEARCH_PATHS = "$(inherited) @executable_path/Frameworks";
				OTHER_LDFLAGS = (
					"-ObjC",
					"-all_load",
				);
				PRODUCT_NAME = "$(TARGET_NAME)";
			};
			name = Release;
		};
		4C55744519D6CCC300B2B307 /* Debug */ = {
			isa = XCBuildConfiguration;
			buildSettings = {
				BUNDLE_LOADER = "$(TEST_HOST)";
				FRAMEWORK_SEARCH_PATHS = (
					"$(SDKROOT)/Developer/Library/Frameworks",
					"$(inherited)",
				);
				GCC_PREPROCESSOR_DEFINITIONS = (
					"DEBUG=1",
					"$(inherited)",
				);
				INFOPLIST_FILE = CMPulseWaveTests/Info.plist;
				LD_RUNPATH_SEARCH_PATHS = "$(inherited) @executable_path/Frameworks @loader_path/Frameworks";
				PRODUCT_NAME = "$(TARGET_NAME)";
				TEST_HOST = "$(BUILT_PRODUCTS_DIR)/CMPulseWave.app/CMPulseWave";
			};
			name = Debug;
		};
		4C55744619D6CCC300B2B307 /* Release */ = {
			isa = XCBuildConfiguration;
			buildSettings = {
				BUNDLE_LOADER = "$(TEST_HOST)";
				FRAMEWORK_SEARCH_PATHS = (
					"$(SDKROOT)/Developer/Library/Frameworks",
					"$(inherited)",
				);
				INFOPLIST_FILE = CMPulseWaveTests/Info.plist;
				LD_RUNPATH_SEARCH_PATHS = "$(inherited) @executable_path/Frameworks @loader_path/Frameworks";
				PRODUCT_NAME = "$(TARGET_NAME)";
				TEST_HOST = "$(BUILT_PRODUCTS_DIR)/CMPulseWave.app/CMPulseWave";
			};
			name = Release;
		};
/* End XCBuildConfiguration section */

/* Begin XCConfigurationList section */
		4C55741919D6CCC300B2B307 /* Build configuration list for PBXProject "CMPulseWave" */ = {
			isa = XCConfigurationList;
			buildConfigurations = (
				4C55743F19D6CCC300B2B307 /* Debug */,
				4C55744019D6CCC300B2B307 /* Release */,
			);
			defaultConfigurationIsVisible = 0;
			defaultConfigurationName = Release;
		};
		4C55744119D6CCC300B2B307 /* Build configuration list for PBXNativeTarget "CMPulseWave" */ = {
			isa = XCConfigurationList;
			buildConfigurations = (
				4C55744219D6CCC300B2B307 /* Debug */,
				4C55744319D6CCC300B2B307 /* Release */,
			);
			defaultConfigurationIsVisible = 0;
			defaultConfigurationName = Release;
		};
		4C55744419D6CCC300B2B307 /* Build configuration list for PBXNativeTarget "CMPulseWaveTests" */ = {
			isa = XCConfigurationList;
			buildConfigurations = (
				4C55744519D6CCC300B2B307 /* Debug */,
				4C55744619D6CCC300B2B307 /* Release */,
			);
			defaultConfigurationIsVisible = 0;
			defaultConfigurationName = Release;
		};
/* End XCConfigurationList section */
	};
	rootObject = 4C55741619D6CCC300B2B307 /* Project object */;
}
